
Microsoft Visual Studio Solution File, Format Version 12.00
# Visual Studio Version 16
VisualStudioVersion = 16.0.29123.89
MinimumVisualStudioVersion = 10.0.40219.1
Project("{9A19103F-16F7-4668-BE54-9A1E7A4F7556}") = "UWPCameraInWPF", "UWPCameraInWPF.csproj", "{B82AAFF0-D6A7-4C8A-8944-9C663DA2CD0E}"
EndProject
Global
	GlobalSection(SolutionConfigurationPlatforms) = preSolution
		Debug|Any CPU = Debug|Any CPU
		Release|Any CPU = Release|Any CPU
	EndGlobalSection
	GlobalSection(ProjectConfigurationPlatforms) = postSolution
		{B82AAFF0-D6A7-4C8A-8944-9C663DA2CD0E}.Debug|Any CPU.ActiveCfg = Debug|Any CPU
		{B82AAFF0-D6A7-4C8A-8944-9C663DA2CD0E}.Debug|Any CPU.Build.0 = Debug|Any CPU
		{B82AAFF0-D6A7-4C8A-8944-9C663DA2CD0E}.Release|Any CPU.ActiveCfg = Release|Any CPU
		{B82AAFF0-D6A7-4C8A-8944-9C663DA2CD0E}.Release|Any CPU.Build.0 = Release|Any CPU
	EndGlobalSection
	GlobalSection(SolutionProperties) = preSolution
		HideSolutionNode = FALSE
	EndGlobalSection
	GlobalSection(ExtensibilityGlobals) = postSolution
		SolutionGuid = {0B4FB3D1-13A7-4ECA-AFB9-0BEAA4794667}
	EndGlobalSection
EndGlobal
